
Microsoft Visual Studio Solution File, Format Version 12.00
# Visual Studio Version 17
VisualStudioVersion = 17.9.34902.65
MinimumVisualStudioVersion = 10.0.40219.1
Project("{FAE04EC0-301F-11D3-BF4B-00C04F79EFBC}") = "DVLD", "DVLD.csproj", "{6C9BD641-C2C7-42A7-AF5E-F2F34E7B9D38}"
EndProject
Project("{FAE04EC0-301F-11D3-BF4B-00C04F79EFBC}") = "DataLayerDVLD", "..\DataLayerDVLD\DataLayerDVLD.csproj", "{20CBA236-C267-421B-9EDB-E60FA26C79E4}"
EndProject
Project("{FAE04EC0-301F-11D3-BF4B-00C04F79EFBC}") = "BusinessLayerDVLD", "..\BusinessLayerDVLD\BusinessLayerDVLD.csproj", "{3ECA5D0C-42D1-41DD-A36E-38AE7DCD58E5}"
EndProject
Global
	GlobalSection(SolutionConfigurationPlatforms) = preSolution
		Debug|Any CPU = Debug|Any CPU
		Release|Any CPU = Release|Any CPU
	EndGlobalSection
	GlobalSection(ProjectConfigurationPlatforms) = postSolution
		{6C9BD641-C2C7-42A7-AF5E-F2F34E7B9D38}.Debug|Any CPU.ActiveCfg = Debug|Any CPU
		{6C9BD641-C2C7-42A7-AF5E-F2F34E7B9D38}.Debug|Any CPU.Build.0 = Debug|Any CPU
		{6C9BD641-C2C7-42A7-AF5E-F2F34E7B9D38}.Release|Any CPU.ActiveCfg = Release|Any CPU
		{6C9BD641-C2C7-42A7-AF5E-F2F34E7B9D38}.Release|Any CPU.Build.0 = Release|Any CPU
		{20CBA236-C267-421B-9EDB-E60FA26C79E4}.Debug|Any CPU.ActiveCfg = Debug|Any CPU
		{20CBA236-C267-421B-9EDB-E60FA26C79E4}.Debug|Any CPU.Build.0 = Debug|Any CPU
		{20CBA236-C267-421B-9EDB-E60FA26C79E4}.Release|Any CPU.ActiveCfg = Release|Any CPU
		{20CBA236-C267-421B-9EDB-E60FA26C79E4}.Release|Any CPU.Build.0 = Release|Any CPU
		{3ECA5D0C-42D1-41DD-A36E-38AE7DCD58E5}.Debug|Any CPU.ActiveCfg = Debug|Any CPU
		{3ECA5D0C-42D1-41DD-A36E-38AE7DCD58E5}.Debug|Any CPU.Build.0 = Debug|Any CPU
		{3ECA5D0C-42D1-41DD-A36E-38AE7DCD58E5}.Release|Any CPU.ActiveCfg = Release|Any CPU
		{3ECA5D0C-42D1-41DD-A36E-38AE7DCD58E5}.Release|Any CPU.Build.0 = Release|Any CPU
	EndGlobalSection
	GlobalSection(SolutionProperties) = preSolution
		HideSolutionNode = FALSE
	EndGlobalSection
	GlobalSection(ExtensibilityGlobals) = postSolution
		SolutionGuid = {CCCBAEA6-6441-4359-943B-9456CE6BAE97}
	EndGlobalSection
EndGlobal
